
Microsoft Visual Studio Solution File, Format Version 12.00
# Visual Studio Version 17
VisualStudioVersion = 17.2.32630.192
MinimumVisualStudioVersion = 10.0.40219.1
Project("{FAE04EC0-301F-11D3-BF4B-00C04F79EFBC}") = "FptBookStore", "FptBookStore\FptBookStore.csproj", "{A66A26E7-0F86-4F60-8AF3-2CAB9E97766D}"
EndProject
Global
	GlobalSection(SolutionConfigurationPlatforms) = preSolution
		Debug|Any CPU = Debug|Any CPU
		Release|Any CPU = Release|Any CPU
	EndGlobalSection
	GlobalSection(ProjectConfigurationPlatforms) = postSolution
		{A66A26E7-0F86-4F60-8AF3-2CAB9E97766D}.Debug|Any CPU.ActiveCfg = Debug|Any CPU
		{A66A26E7-0F86-4F60-8AF3-2CAB9E97766D}.Debug|Any CPU.Build.0 = Debug|Any CPU
		{A66A26E7-0F86-4F60-8AF3-2CAB9E97766D}.Release|Any CPU.ActiveCfg = Release|Any CPU
		{A66A26E7-0F86-4F60-8AF3-2CAB9E97766D}.Release|Any CPU.Build.0 = Release|Any CPU
	EndGlobalSection
	GlobalSection(SolutionProperties) = preSolution
		HideSolutionNode = FALSE
	EndGlobalSection
	GlobalSection(ExtensibilityGlobals) = postSolution
		SolutionGuid = {20692A75-8565-4856-B1CC-E8D2008BDA0C}
	EndGlobalSection
EndGlobal
